
Microsoft Visual Studio Solution File, Format Version 12.00
# Visual Studio 14
VisualStudioVersion = 14.0.24720.0
MinimumVisualStudioVersion = 10.0.40219.1
Project("{FAE04EC0-301F-11D3-BF4B-00C04F79EFBC}") = "Exercice1", "Exercice1\Exercice1.csproj", "{B0839848-07D4-4E2B-8856-6892A6460633}"
EndProject
Project("{FAE04EC0-301F-11D3-BF4B-00C04F79EFBC}") = "Exercice 2", "Exercice 2\Exercice 2.csproj", "{027AB670-9F83-46F5-9310-261D50C97C38}"
EndProject
Project("{FAE04EC0-301F-11D3-BF4B-00C04F79EFBC}") = "Exercice3", "Exercice3\Exercice3.csproj", "{A645DADB-11D9-490B-AAE5-8CD8C337D3F7}"
EndProject
Project("{FAE04EC0-301F-11D3-BF4B-00C04F79EFBC}") = "Exercice 4", "Exercice 4\Exercice 4.csproj", "{310367BB-F6B7-4FCB-BA1A-73834A6AE6EC}"
EndProject
Global
	GlobalSection(SolutionConfigurationPlatforms) = preSolution
		Debug|Any CPU = Debug|Any CPU
		Release|Any CPU = Release|Any CPU
	EndGlobalSection
	GlobalSection(ProjectConfigurationPlatforms) = postSolution
		{B0839848-07D4-4E2B-8856-6892A6460633}.Debug|Any CPU.ActiveCfg = Debug|Any CPU
		{B0839848-07D4-4E2B-8856-6892A6460633}.Debug|Any CPU.Build.0 = Debug|Any CPU
		{B0839848-07D4-4E2B-8856-6892A6460633}.Release|Any CPU.ActiveCfg = Release|Any CPU
		{B0839848-07D4-4E2B-8856-6892A6460633}.Release|Any CPU.Build.0 = Release|Any CPU
		{027AB670-9F83-46F5-9310-261D50C97C38}.Debug|Any CPU.ActiveCfg = Debug|Any CPU
		{027AB670-9F83-46F5-9310-261D50C97C38}.Debug|Any CPU.Build.0 = Debug|Any CPU
		{027AB670-9F83-46F5-9310-261D50C97C38}.Release|Any CPU.ActiveCfg = Release|Any CPU
		{027AB670-9F83-46F5-9310-261D50C97C38}.Release|Any CPU.Build.0 = Release|Any CPU
		{A645DADB-11D9-490B-AAE5-8CD8C337D3F7}.Debug|Any CPU.ActiveCfg = Debug|Any CPU
		{A645DADB-11D9-490B-AAE5-8CD8C337D3F7}.Debug|Any CPU.Build.0 = Debug|Any CPU
		{A645DADB-11D9-490B-AAE5-8CD8C337D3F7}.Release|Any CPU.ActiveCfg = Release|Any CPU
		{A645DADB-11D9-490B-AAE5-8CD8C337D3F7}.Release|Any CPU.Build.0 = Release|Any CPU
		{310367BB-F6B7-4FCB-BA1A-73834A6AE6EC}.Debug|Any CPU.ActiveCfg = Debug|Any CPU
		{310367BB-F6B7-4FCB-BA1A-73834A6AE6EC}.Debug|Any CPU.Build.0 = Debug|Any CPU
		{310367BB-F6B7-4FCB-BA1A-73834A6AE6EC}.Release|Any CPU.ActiveCfg = Release|Any CPU
		{310367BB-F6B7-4FCB-BA1A-73834A6AE6EC}.Release|Any CPU.Build.0 = Release|Any CPU
	EndGlobalSection
	GlobalSection(SolutionProperties) = preSolution
		HideSolutionNode = FALSE
	EndGlobalSection
EndGlobal
